# THIS IS AN AUTOGENERATED FILE. DO NOT EDIT THIS FILE DIRECTLY.
# yarn lockfile v1


"@types/node@^12.0.2":
  version "12.0.2"
  resolved "https://registry.yarnpkg.com/@types/node/-/node-12.0.2.tgz#3452a24edf9fea138b48fad4a0a028a683da1e40"
  integrity sha512-5tabW/i+9mhrfEOUcLDu2xBPsHJ+X5Orqy9FKpale3SjDA17j5AEpYq5vfy3oAeAHGcvANRCO3NV3d2D6q3NiA==

kleur@^3.0.2:
  version "3.0.3"
  resolved "https://registry.yarnpkg.com/kleur/-/kleur-3.0.3.tgz#a79c9ecc86ee1ce3fa6206d1216c501f147fc07e"
  integrity sha512-eTIzlVOSUR+JxdDFepEYcBMtZ9Qqdef+rnzWdRZuMbOywu5tO2w2N7rqjoANZ5k9vywhL6Br1VRjUIgTQx4E8w==

prompts@^2.1.0:
  version "2.1.0"
  resolved "https://registry.yarnpkg.com/prompts/-/prompts-2.1.0.tgz#bf90bc71f6065d255ea2bdc0fe6520485c1b45db"
  integrity sha512-+x5TozgqYdOwWsQFZizE/Tra3fKvAoy037kOyU6cgz84n8f6zxngLOV4O32kTwt9FcLCxAqw0P/c8rOr9y+Gfg==
  dependencies:
    kleur "^3.0.2"
    sisteransi "^1.0.0"

sisteransi@^1.0.0:
  version "1.0.0"
  resolved "https://registry.yarnpkg.com/sisteransi/-/sisteransi-1.0.0.tgz#77d9622ff909080f1c19e5f4a1df0c1b0a27b88c"
  integrity sha512-N+z4pHB4AmUv0SjveWRd6q1Nj5w62m5jodv+GD8lvmbY/83T/rpbJGZOnK5T149OldDj4Db07BSv9xY4K6NTPQ==

typescript@^3.6.2:
  version "3.6.2"
  resolved "https://registry.yarnpkg.com/typescript/-/typescript-3.6.2.tgz#105b0f1934119dde543ac8eb71af3a91009efe54"
  integrity sha512-lmQ4L+J6mnu3xweP8+rOrUwzmN+MRAj7TgtJtDaXE5PMyX2kCrklhg3rvOsOIfNeAWMQWO2F1GPc1kMD2vLAfw==
