# THIS IS AN AUTOGENERATED FILE. DO NOT EDIT THIS FILE DIRECTLY.
# yarn lockfile v1


"@types/events@*":
  version "3.0.0"
  resolved "https://registry.npmjs.org/@types/events/-/events-3.0.0.tgz"

"@types/glob@*":
  version "7.1.1"
  resolved "https://registry.npmjs.org/@types/glob/-/glob-7.1.1.tgz"
  dependencies:
    "@types/events" "*"
    "@types/minimatch" "*"
    "@types/node" "*"

"@types/minimatch@*":
  version "3.0.3"
  resolved "https://registry.npmjs.org/@types/minimatch/-/minimatch-3.0.3.tgz"

"@types/minimist@^1.2.2":
  version "1.2.5"
  resolved "https://registry.npmjs.org/@types/minimist/-/minimist-1.2.5.tgz"
  integrity sha512-hov8bUuiLiyFPGyFPE1lwWhmzYbirOXQNNo40+y3zow8aFVTeyn3VWL0VFFfdNddA8S4Vf0Tc062rzyNr7Paag==

"@types/node@*", "@types/node@^14.0.0":
  version "14.18.63"
  resolved "https://registry.npmjs.org/@types/node/-/node-14.18.63.tgz"
  integrity sha512-fAtCfv4jJg+ExtXhvCkCqUKZ+4ok/JQk01qDKhL5BDDoS3AxKXhV5/MAVUZyQnSEd2GT92fkgZl0pz0Q0AzcIQ==

"@types/prompts@^2.4.4":
  version "2.4.9"
  resolved "https://registry.npmjs.org/@types/prompts/-/prompts-2.4.9.tgz"
  integrity sha512-qTxFi6Buiu8+50/+3DGIWLHM6QuWsEKugJnnP6iv2Mc4ncxE4A/OJkjuVOA+5X0X1S/nq5VJRa8Lu+nwcvbrKA==
  dependencies:
    "@types/node" "*"
    kleur "^3.0.3"

"@types/rimraf@^3.0.2":
  version "3.0.2"
  resolved "https://registry.npmjs.org/@types/rimraf/-/rimraf-3.0.2.tgz"
  integrity sha512-F3OznnSLAUxFrCEu/L5PY8+ny8DtcFRjx7fZZ9bycvXRi3KPTRS9HOitGZwvPg0juRhXFWIeKX58cnX5YqLohQ==
  dependencies:
    "@types/glob" "*"
    "@types/node" "*"

agent-base@^7.0.2:
  version "7.1.1"
  resolved "https://registry.npmjs.org/agent-base/-/agent-base-7.1.1.tgz"
  integrity sha512-H0TSyFNDMomMNJQBn8wFV5YC/2eJ+VXECwOadZJT554xP6cODZHPX3H9QMQECxvrgiSOP1pHjy1sMWQVYJOUOA==
  dependencies:
    debug "^4.3.4"

debug@^4.3.4, debug@4:
  version "4.3.5"
  resolved "https://registry.npmjs.org/debug/-/debug-4.3.5.tgz"
  integrity sha512-pt0bNEmneDIvdL1Xsd9oDQ/wrQRkXDT4AUWlNZNPKvW5x/jyO9VFXkJUP07vQ2upmw5PlaITaPKc31jK13V+jg==
  dependencies:
    ms "2.1.2"

https-proxy-agent@^7.0.0:
  version "7.0.5"
  resolved "https://registry.npmjs.org/https-proxy-agent/-/https-proxy-agent-7.0.5.tgz"
  integrity sha512-1e4Wqeblerz+tMKPIq2EMGiiWW1dIjZOksyHWSUm1rmuvw/how9hBHZ38lAGj5ID4Ik6EdkOw7NmWPy6LAwalw==
  dependencies:
    agent-base "^7.0.2"
    debug "4"

kleur@^3.0.3:
  version "3.0.3"
  resolved "https://registry.npmjs.org/kleur/-/kleur-3.0.3.tgz"
  integrity sha512-eTIzlVOSUR+JxdDFepEYcBMtZ9Qqdef+rnzWdRZuMbOywu5tO2w2N7rqjoANZ5k9vywhL6Br1VRjUIgTQx4E8w==

minimist@^1.2.8:
  version "1.2.8"
  resolved "https://registry.npmjs.org/minimist/-/minimist-1.2.8.tgz"
  integrity sha512-2yyAR8qBkN3YuheJanUpWC5U3bb5osDywNB8RzDVlDwDHbocAJveqqj1u8+SVD7jkWT4yvsHCpWqqWqAxb0zCA==

ms@2.1.2:
  version "2.1.2"
  resolved "https://registry.npmjs.org/ms/-/ms-2.1.2.tgz"
  integrity sha512-sGkPx+VjMtmA6MX27oA4FBFELFCZZ4S4XqeGOXCv68tT+jb3vk/RyaKWP0PTKyWtmLSM0b+adUTEvbs1PEaH2w==

prompts@^2.4.2:
  version "2.4.2"
  resolved "https://registry.npmjs.org/prompts/-/prompts-2.4.2.tgz"
  integrity sha512-NxNv/kLguCA7p3jE8oL2aEBsrJWgAakBpgmgK6lpPWV+WuOmY6r2/zbAVnP+T8bQlA0nzHXSJSJW0Hq7ylaD2Q==
  dependencies:
    kleur "^3.0.3"
    sisteransi "^1.0.5"

sisteransi@^1.0.5:
  version "1.0.5"
  resolved "https://registry.npmjs.org/sisteransi/-/sisteransi-1.0.5.tgz"
  integrity sha512-bLGGlR1QxBcynn2d5YmDX4MGjlZvy2MRBDRNHLJ8VI6l6+9FUiyTFNJ0IveOSP0bcXgVDPRcfGqA0pjaqUpfVg==

typescript@^5.1.3:
  version "5.5.2"
  resolved "https://registry.npmjs.org/typescript/-/typescript-5.5.2.tgz"
  integrity sha512-NcRtPEOsPFFWjobJEtfihkLCZCXZt/os3zf8nTxjVH3RvTSxjrCamJpbExGvYOF+tFHc3pA65qpdwPbzjohhew==
